
Microsoft Visual Studio Solution File, Format Version 12.00
Project("{FAE04EC0-301F-11D3-BF4B-00C04F79EFBC}") = "Naveego.Streaming", "Naveego.Streaming\Naveego.Streaming.csproj", "{B0A49995-B53A-4CDE-AF33-10DD643ADB51}"
EndProject
Project("{2150E333-8FDC-42A3-9474-1A3956D46DE8}") = "Git", "Git", "{EB73D88B-ABC9-4BE4-A519-3931A6D649BC}"
ProjectSection(SolutionItems) = preProject
	.gitignore = .gitignore
EndProjectSection
EndProject
Project("{2150E333-8FDC-42A3-9474-1A3956D46DE8}") = "Docker", "Docker", "{E6C7531E-45B7-4515-8A84-C37BD5C4968D}"
ProjectSection(SolutionItems) = preProject
	docker-compose.yaml = docker-compose.yaml
EndProjectSection
EndProject
Project("{FAE04EC0-301F-11D3-BF4B-00C04F79EFBC}") = "Naveego.Streaming.Kafka", "Naveego.Streaming.Kafka\Naveego.Streaming.Kafka.csproj", "{4CD51B27-AD4E-48DB-9FCB-8C997CD45A17}"
EndProject
Global
	GlobalSection(SolutionConfigurationPlatforms) = preSolution
		Debug|Any CPU = Debug|Any CPU
		Release|Any CPU = Release|Any CPU
	EndGlobalSection
	GlobalSection(ProjectConfigurationPlatforms) = postSolution
		{B0A49995-B53A-4CDE-AF33-10DD643ADB51}.Debug|Any CPU.ActiveCfg = Debug|Any CPU
		{B0A49995-B53A-4CDE-AF33-10DD643ADB51}.Debug|Any CPU.Build.0 = Debug|Any CPU
		{B0A49995-B53A-4CDE-AF33-10DD643ADB51}.Release|Any CPU.ActiveCfg = Release|Any CPU
		{B0A49995-B53A-4CDE-AF33-10DD643ADB51}.Release|Any CPU.Build.0 = Release|Any CPU
		{4CD51B27-AD4E-48DB-9FCB-8C997CD45A17}.Debug|Any CPU.ActiveCfg = Debug|Any CPU
		{4CD51B27-AD4E-48DB-9FCB-8C997CD45A17}.Debug|Any CPU.Build.0 = Debug|Any CPU
		{4CD51B27-AD4E-48DB-9FCB-8C997CD45A17}.Release|Any CPU.ActiveCfg = Release|Any CPU
		{4CD51B27-AD4E-48DB-9FCB-8C997CD45A17}.Release|Any CPU.Build.0 = Release|Any CPU
	EndGlobalSection
EndGlobal
